
Microsoft Visual Studio Solution File, Format Version 12.00
# Visual Studio Version 16
VisualStudioVersion = 16.0.30002.166
MinimumVisualStudioVersion = 10.0.40219.1
Project("{2150E333-8FDC-42A3-9474-1A3956D46DE8}") = "Feature", "Feature", "{49D1A6D6-141B-4977-9629-2C740EE9EEF4}"
EndProject
Project("{2150E333-8FDC-42A3-9474-1A3956D46DE8}") = "FormsExtensions", "FormsExtensions", "{49FFCAD3-B16C-43F9-9950-3ECC3D1E0329}"
EndProject
Project("{FAE04EC0-301F-11D3-BF4B-00C04F79EFBC}") = "Feature.FormsExtensions", "src\Feature\FormsExtensions\code\Feature.FormsExtensions.csproj", "{DF75115A-6F76-41C6-B61F-3772E523E78E}"
EndProject
Project("{2150E333-8FDC-42A3-9474-1A3956D46DE8}") = "Project", "Project", "{0AE1B514-3000-48BA-BCC2-D3DEEA4F0ED5}"
EndProject
Project("{2150E333-8FDC-42A3-9474-1A3956D46DE8}") = "FormsExtensionsTester", "FormsExtensionsTester", "{91037086-C4E4-423A-895C-18B8A8E66D79}"
EndProject
Project("{FAE04EC0-301F-11D3-BF4B-00C04F79EFBC}") = "Project.FormsExtensionsTester", "src\Project\FormsExtensionsTester\code\Project.FormsExtensionsTester.csproj", "{660E2318-C58D-489B-BFF3-851BAE243849}"
EndProject
Global
	GlobalSection(SolutionConfigurationPlatforms) = preSolution
		Debug|Any CPU = Debug|Any CPU
		Release|Any CPU = Release|Any CPU
	EndGlobalSection
	GlobalSection(ProjectConfigurationPlatforms) = postSolution
		{DF75115A-6F76-41C6-B61F-3772E523E78E}.Debug|Any CPU.ActiveCfg = Debug|Any CPU
		{DF75115A-6F76-41C6-B61F-3772E523E78E}.Debug|Any CPU.Build.0 = Debug|Any CPU
		{DF75115A-6F76-41C6-B61F-3772E523E78E}.Release|Any CPU.ActiveCfg = Release|Any CPU
		{DF75115A-6F76-41C6-B61F-3772E523E78E}.Release|Any CPU.Build.0 = Release|Any CPU
		{660E2318-C58D-489B-BFF3-851BAE243849}.Debug|Any CPU.ActiveCfg = Debug|Any CPU
		{660E2318-C58D-489B-BFF3-851BAE243849}.Debug|Any CPU.Build.0 = Debug|Any CPU
		{660E2318-C58D-489B-BFF3-851BAE243849}.Release|Any CPU.ActiveCfg = Release|Any CPU
		{660E2318-C58D-489B-BFF3-851BAE243849}.Release|Any CPU.Build.0 = Release|Any CPU
	EndGlobalSection
	GlobalSection(SolutionProperties) = preSolution
		HideSolutionNode = FALSE
	EndGlobalSection
	GlobalSection(NestedProjects) = preSolution
		{49FFCAD3-B16C-43F9-9950-3ECC3D1E0329} = {49D1A6D6-141B-4977-9629-2C740EE9EEF4}
		{DF75115A-6F76-41C6-B61F-3772E523E78E} = {49FFCAD3-B16C-43F9-9950-3ECC3D1E0329}
		{91037086-C4E4-423A-895C-18B8A8E66D79} = {0AE1B514-3000-48BA-BCC2-D3DEEA4F0ED5}
		{660E2318-C58D-489B-BFF3-851BAE243849} = {91037086-C4E4-423A-895C-18B8A8E66D79}
	EndGlobalSection
	GlobalSection(ExtensibilityGlobals) = postSolution
		SolutionGuid = {2A74CBA3-6CAA-4957-A1B2-AEC1BFF15295}
	EndGlobalSection
EndGlobal
