
Microsoft Visual Studio Solution File, Format Version 12.00
# Visual Studio 15
VisualStudioVersion = 15.0.27130.2010
MinimumVisualStudioVersion = 10.0.40219.1
Project("{2150E333-8FDC-42A3-9474-1A3956D46DE8}") = "Feature", "Feature", "{49D1A6D6-141B-4977-9629-2C740EE9EEF4}"
EndProject
Project("{2150E333-8FDC-42A3-9474-1A3956D46DE8}") = "FormsExtentions", "FormsExtentions", "{49FFCAD3-B16C-43F9-9950-3ECC3D1E0329}"
EndProject
Project("{FAE04EC0-301F-11D3-BF4B-00C04F79EFBC}") = "Feature.FormsExtentions", "src\Feature\FormsExtentions\code\Feature.FormsExtentions.csproj", "{DF75115A-6F76-41C6-B61F-3772E523E78E}"
EndProject
Global
	GlobalSection(SolutionConfigurationPlatforms) = preSolution
		Debug|Any CPU = Debug|Any CPU
		Release|Any CPU = Release|Any CPU
	EndGlobalSection
	GlobalSection(ProjectConfigurationPlatforms) = postSolution
		{DF75115A-6F76-41C6-B61F-3772E523E78E}.Debug|Any CPU.ActiveCfg = Debug|Any CPU
		{DF75115A-6F76-41C6-B61F-3772E523E78E}.Debug|Any CPU.Build.0 = Debug|Any CPU
		{DF75115A-6F76-41C6-B61F-3772E523E78E}.Release|Any CPU.ActiveCfg = Release|Any CPU
		{DF75115A-6F76-41C6-B61F-3772E523E78E}.Release|Any CPU.Build.0 = Release|Any CPU
	EndGlobalSection
	GlobalSection(SolutionProperties) = preSolution
		HideSolutionNode = FALSE
	EndGlobalSection
	GlobalSection(NestedProjects) = preSolution
		{49FFCAD3-B16C-43F9-9950-3ECC3D1E0329} = {49D1A6D6-141B-4977-9629-2C740EE9EEF4}
		{DF75115A-6F76-41C6-B61F-3772E523E78E} = {49FFCAD3-B16C-43F9-9950-3ECC3D1E0329}
	EndGlobalSection
	GlobalSection(ExtensibilityGlobals) = postSolution
		SolutionGuid = {2A74CBA3-6CAA-4957-A1B2-AEC1BFF15295}
	EndGlobalSection
EndGlobal
